{
    "_meta": {
        "hash": {
            "sha256": "c68bf118fde997bb81fc8c4c7cb0b557998a38055ee364de1105a7d9d5227a0f"
        },
        "pipfile-spec": 6,
        "requires": {
            "python_version": "3.12"
        },
        "sources": [
            {
                "name": "pypi",
                "url": "https://pypi.org/simple",
                "verify_ssl": true
            }
        ]
    },
    "default": {},
    "develop": {
        "black": {
            "hashes": [
                "sha256:14b3502784f09ce2443830e3133dacf2c0110d45191ed470ecb04d0f5f6fcb0f",
                "sha256:17374989640fbca88b6a448129cd1745c5eb8d9547b464f281b251dd00155ccd",
                "sha256:1c536fcf674217e87b8cc3657b81809d3c085d7bf3ef262ead700da345bfa6ea",
                "sha256:1cbacacb19e922a1d75ef2b6ccaefcd6e93a2c05ede32f06a21386a04cedb981",
                "sha256:1f93102e0c5bb3907451063e08b9876dbeac810e7da5a8bfb7aeb5a9ef89066b",
                "sha256:2cd9c95431d94adc56600710f8813ee27eea544dd118d45896bb734e9d7a0dc7",
                "sha256:30d2c30dc5139211dda799758559d1b049f7f14c580c409d6ad925b74a4208a8",
                "sha256:394d4ddc64782e51153eadcaaca95144ac4c35e27ef9b0a42e121ae7e57a9175",
                "sha256:3bb2b7a1f7b685f85b11fed1ef10f8a9148bceb49853e47a294a3dd963c1dd7d",
                "sha256:4007b1393d902b48b36958a216c20c4482f601569d19ed1df294a496eb366392",
                "sha256:5a2221696a8224e335c28816a9d331a6c2ae15a2ee34ec857dcf3e45dbfa99ad",
                "sha256:63f626344343083322233f175aaf372d326de8436f5928c042639a4afbbf1d3f",
                "sha256:649fff99a20bd06c6f727d2a27f401331dc0cc861fb69cde910fe95b01b5928f",
                "sha256:680359d932801c76d2e9c9068d05c6b107f2584b2a5b88831c83962eb9984c1b",
                "sha256:846ea64c97afe3bc677b761787993be4991810ecc7a4a937816dd6bddedc4875",
                "sha256:b5e39e0fae001df40f95bd8cc36b9165c5e2ea88900167bddf258bacef9bbdc3",
                "sha256:ccfa1d0cb6200857f1923b602f978386a3a2758a65b52e0950299ea014be6800",
                "sha256:d37d422772111794b26757c5b55a3eade028aa3fde43121ab7b673d050949d65",
                "sha256:ddacb691cdcdf77b96f549cf9591701d8db36b2f19519373d60d31746068dbf2",
                "sha256:e6668650ea4b685440857138e5fe40cde4d652633b1bdffc62933d0db4ed9812",
                "sha256:f9da3333530dbcecc1be13e69c250ed8dfa67f43c4005fb537bb426e19200d50",
                "sha256:fe4d6476887de70546212c99ac9bd803d90b42fc4767f058a0baa895013fbb3e"
            ],
            "index": "pypi",
            "markers": "python_version >= '3.9'",
            "version": "==24.10.0"
        },
        "cachetools": {
            "hashes": [
                "sha256:70f238fbba50383ef62e55c6aff6d9673175fe59f7c6782c7a0b9e38f4a9df95",
                "sha256:b76651fdc3b24ead3c648bbdeeb940c1b04d365b38b4af66788f9ec4a81d42bb"
            ],
            "markers": "python_version >= '3.7'",
            "version": "==5.5.1"
        },
        "chardet": {
            "hashes": [
                "sha256:1b3b6ff479a8c414bc3fa2c0852995695c4a026dcd6d0633b2dd092ca39c1cf7",
                "sha256:e1cf59446890a00105fe7b7912492ea04b6e6f06d4b742b2c788469e34c82970"
            ],
            "markers": "python_version >= '3.7'",
            "version": "==5.2.0"
        },
        "click": {
            "hashes": [
                "sha256:ae74fb96c20a0277a1d615f1e4d73c8414f5a98db8b799a7931d1582f3390c28",
                "sha256:ca9853ad459e787e2192211578cc907e7594e294c7ccc834310722b41b9ca6de"
            ],
            "markers": "python_version >= '3.7'",
            "version": "==8.1.7"
        },
        "colorama": {
            "hashes": [
                "sha256:08695f5cb7ed6e0531a20572697297273c47b8cae5a63ffc6d6ed5c201be6e44",
                "sha256:4f1d9991f5acc0ca119f9d443620b77f9d6b33703e51011c16baf57afb285fc6"
            ],
            "markers": "python_version >= '2.7' and python_version not in '3.0, 3.1, 3.2, 3.3, 3.4, 3.5, 3.6'",
            "version": "==0.4.6"
        },
        "coverage": {
            "extras": [
                "toml"
            ],
            "hashes": [
                "sha256:050172741de03525290e67f0161ae5f7f387c88fca50d47fceb4724ceaa591d2",
                "sha256:08e5fb93576a6b054d3d326242af5ef93daaac9bb52bc25f12ccbc3fa94227cd",
                "sha256:09d03f48d9025b8a6a116cddcb6c7b8ce80e4fb4c31dd2e124a7c377036ad58e",
                "sha256:0d03c9452d9d1ccfe5d3a5df0427705022a49b356ac212d529762eaea5ef97b4",
                "sha256:13100f98497086b359bf56fc035a762c674de8ef526daa389ac8932cb9bff1e0",
                "sha256:25575cd5a7d2acc46b42711e8aff826027c0e4f80fb38028a74f31ac22aae69d",
                "sha256:27700d859be68e4fb2e7bf774cf49933dcac6f81a9bc4c13bd41735b8d26a53b",
                "sha256:2c81e53782043b323bd34c7de711ed9b4673414eb517eaf35af92185b873839c",
                "sha256:397489c611b76302dfa1d9ea079e138dddc4af80fc6819d5f5119ec8ca6c0e47",
                "sha256:476f29a258b9cd153f2be5bf5f119d670d2806363595263917bddc167d6e5cce",
                "sha256:4bda710139ea646890d1c000feb533caff86904a0e0638f85e967c28cb8eec50",
                "sha256:4cf96beb05d004e4c51cd846fcdf9eee9eb2681518524b66b2e7610507944c2f",
                "sha256:4f21e3617f48d683f30cf2a6c8b739c838e600cb1454fe6b2eb486ac2bce8fbd",
                "sha256:5128f3ba694c0a1bde55fc480090392c336236c3e1a10dad40dc1ab17c7675ff",
                "sha256:532fe139691af134aa8b54ed60dd3c806aa81312d93693bd2883c7b61592c840",
                "sha256:5a3f7cbbcb4ad95067a6525f83a6fc78d9cbc1e70f8abaeeaeaa72ef34f48fc3",
                "sha256:5b48db06f53d1864fea6dbd855e6d51d41c0f06c212c3004511c0bdc6847b297",
                "sha256:5e7ac966ab110bd94ee844f2643f196d78fde1cd2450399116d3efdd706e19f5",
                "sha256:5edc16712187139ab635a2e644cc41fc239bc6d245b16124045743130455c652",
                "sha256:60d4ad09dfc8c36c4910685faafcb8044c84e4dae302e86c585b3e2e7778726c",
                "sha256:61c834cbb80946d6ebfddd9b393a4c46bec92fcc0fa069321fcb8049117f76ea",
                "sha256:6ba27a0375c5ef4d2a7712f829265102decd5ff78b96d342ac2fa555742c4f4f",
                "sha256:6c96a142057d83ee993eaf71629ca3fb952cda8afa9a70af4132950c2bd3deb9",
                "sha256:6d60577673ba48d8ae8e362e61fd4ad1a640293ffe8991d11c86f195479100b7",
                "sha256:7eb0504bb307401fd08bc5163a351df301438b3beb88a4fa044681295bbefc67",
                "sha256:8e433b6e3a834a43dae2889adc125f3fa4c66668df420d8e49bc4ee817dd7a70",
                "sha256:8fa4fffd90ee92f62ff7404b4801b59e8ea8502e19c9bf2d3241ce745b52926c",
                "sha256:90de4e9ca4489e823138bd13098af9ac8028cc029f33f60098b5c08c675c7bda",
                "sha256:a165b09e7d5f685bf659063334a9a7b1a2d57b531753d3e04bd442b3cfe5845b",
                "sha256:a46d56e99a31d858d6912d31ffa4ede6a325c86af13139539beefca10a1234ce",
                "sha256:ac476e6d0128fb7919b3fae726de72b28b5c9644cb4b579e4a523d693187c551",
                "sha256:ac5d92e2cc121a13270697e4cb37e1eb4511ac01d23fe1b6c097facc3b46489e",
                "sha256:adc2d941c0381edfcf3897f94b9f41b1e504902fab78a04b1677f2f72afead4b",
                "sha256:b6ff5be3b1853e0862da9d349fe87f869f68e63a25f7c37ce1130b321140f963",
                "sha256:bb35ae9f134fbd9cf7302a9654d5a1e597c974202678082dcc569eb39a8cde03",
                "sha256:be05bde21d5e6eefbc3a6de6b9bee2b47894b8945342e8663192809c4d1f08ce",
                "sha256:c27df03730059118b8a923cfc8b84b7e9976742560af528242f201880879c1da",
                "sha256:c7719a5e1dc93883a6b319bc0374ecd46fb6091ed659f3fbe281ab991634b9b0",
                "sha256:c86f4c7a6d1a54a24d804d9684d96e36a62d3ef7c0d7745ae2ea39e3e0293251",
                "sha256:ca95d40900cf614e07f00cee8c2fad0371df03ca4d7a80161d84be2ec132b7a4",
                "sha256:cd4839813b09ab1dd1be1bbc74f9a7787615f931f83952b6a9af1b2d3f708bf7",
                "sha256:db4b1a69976b1b02acda15937538a1d3fe10b185f9d99920b17a740a0a102e06",
                "sha256:dbb1a822fd858d9853333a7c95d4e70dde9a79e65893138ce32c2ec6457d7a36",
                "sha256:de6b079b39246a7da9a40cfa62d5766bd52b4b7a88cf5a82ec4c45bf6e152306",
                "sha256:df6ff122a0a10a30121d9f0cb3fbd03a6fe05861e4ec47adb9f25e9245aabc19",
                "sha256:e0b0f272901a5172090c0802053fbc503cdc3fa2612720d2669a98a7384a7bec",
                "sha256:e2778be4f574b39ec9dcd9e5e13644f770351ee0990a0ecd27e364aba95af89b",
                "sha256:e3b746fa0ffc5b6b8856529de487da8b9aeb4fb394bb58de6502ef45f3434f12",
                "sha256:e642e6a46a04e992ebfdabed79e46f478ec60e2c528e1e1a074d63800eda4286",
                "sha256:eafea49da254a8289bed3fab960f808b322eda5577cb17a3733014928bbfbebd",
                "sha256:f0f334ae844675420164175bf32b04e18a81fe57ad8eb7e0cfd4689d681ffed7",
                "sha256:f382004fa4c93c01016d9226b9d696a08c53f6818b7ad59b4e96cb67e863353a",
                "sha256:f4679fcc9eb9004fdd1b00231ef1ec7167168071bebc4d66327e28c1979b4449",
                "sha256:fd2fffc8ce8692ce540103dff26279d2af22d424516ddebe2d7e4d6dbb3816b2",
                "sha256:ff136607689c1c87f43d24203b6d2055b42030f352d5176f9c8b204d4235ef27",
                "sha256:ff52b4e2ac0080c96e506819586c4b16cdbf46724bda90d308a7330a73cc8521",
                "sha256:ff562952f15eff27247a4c4b03e45ce8a82e3fb197de6a7c54080f9d4ba07845"
            ],
            "index": "pypi",
            "markers": "python_version >= '3.9'",
            "version": "==7.6.11"
        },
        "distlib": {
            "hashes": [
                "sha256:47f8c22fd27c27e25a65601af709b38e4f0a45ea4fc2e710f65755fa8caaaf87",
                "sha256:a60f20dea646b8a33f3e7772f74dc0b2d0772d2837ee1342a00645c81edf9403"
            ],
            "version": "==0.3.9"
        },
        "filelock": {
            "hashes": [
                "sha256:533dc2f7ba78dc2f0f531fc6c4940addf7b70a481e269a5a3b93be94ffbe8338",
                "sha256:ee4e77401ef576ebb38cd7f13b9b28893194acc20a8e68e18730ba9c0e54660e"
            ],
            "markers": "python_version >= '3.9'",
            "version": "==3.17.0"
        },
        "iniconfig": {
            "hashes": [
                "sha256:2d91e135bf72d31a410b17c16da610a82cb55f6b0477d1a902134b24a455b8b3",
                "sha256:b6a85871a79d2e3b22d2d1b94ac2824226a63c6b741c88f7ae975f18b6778374"
            ],
            "markers": "python_version >= '3.7'",
            "version": "==2.0.0"
        },
        "mypy": {
            "hashes": [
                "sha256:07ba89fdcc9451f2ebb02853deb6aaaa3d2239a236669a63ab3801bbf923ef5c",
                "sha256:0c911fde686394753fff899c409fd4e16e9b294c24bfd5e1ea4675deae1ac6fd",
                "sha256:183cf0a45457d28ff9d758730cd0210419ac27d4d3f285beda038c9083363b1f",
                "sha256:1fb545ca340537d4b45d3eecdb3def05e913299ca72c290326be19b3804b39c0",
                "sha256:27fc248022907e72abfd8e22ab1f10e903915ff69961174784a3900a8cba9ad9",
                "sha256:2ae753f5c9fef278bcf12e1a564351764f2a6da579d4a81347e1d5a15819997b",
                "sha256:30ff5ef8519bbc2e18b3b54521ec319513a26f1bba19a7582e7b1f58a6e69f14",
                "sha256:3888a1816d69f7ab92092f785a462944b3ca16d7c470d564165fe703b0970c35",
                "sha256:44bf464499f0e3a2d14d58b54674dee25c031703b2ffc35064bd0df2e0fac319",
                "sha256:46c756a444117c43ee984bd055db99e498bc613a70bbbc120272bd13ca579fbc",
                "sha256:499d6a72fb7e5de92218db961f1a66d5f11783f9ae549d214617edab5d4dbdbb",
                "sha256:52686e37cf13d559f668aa398dd7ddf1f92c5d613e4f8cb262be2fb4fedb0fcb",
                "sha256:553c293b1fbdebb6c3c4030589dab9fafb6dfa768995a453d8a5d3b23784af2e",
                "sha256:57961db9795eb566dc1d1b4e9139ebc4c6b0cb6e7254ecde69d1552bf7613f60",
                "sha256:7084fb8f1128c76cd9cf68fe5971b37072598e7c31b2f9f95586b65c741a9d31",
                "sha256:7d54bd85b925e501c555a3227f3ec0cfc54ee8b6930bd6141ec872d1c572f81f",
                "sha256:7ec88144fe9b510e8475ec2f5f251992690fcf89ccb4500b214b4226abcd32d6",
                "sha256:8b21525cb51671219f5307be85f7e646a153e5acc656e5cebf64bfa076c50107",
                "sha256:8b4e3413e0bddea671012b063e27591b953d653209e7a4fa5e48759cda77ca11",
                "sha256:8c6d94b16d62eb3e947281aa7347d78236688e21081f11de976376cf010eb31a",
                "sha256:8edc07eeade7ebc771ff9cf6b211b9a7d93687ff892150cb5692e4f4272b0837",
                "sha256:8f845a00b4f420f693f870eaee5f3e2692fa84cc8514496114649cfa8fd5e2c6",
                "sha256:8fa2220e54d2946e94ab6dbb3ba0a992795bd68b16dc852db33028df2b00191b",
                "sha256:90716d8b2d1f4cd503309788e51366f07c56635a3309b0f6a32547eaaa36a64d",
                "sha256:92c3ed5afb06c3a8e188cb5da4984cab9ec9a77ba956ee419c68a388b4595255",
                "sha256:ad3301ebebec9e8ee7135d8e3109ca76c23752bac1e717bc84cd3836b4bf3eae",
                "sha256:b66a60cc4073aeb8ae00057f9c1f64d49e90f918fbcef9a977eb121da8b8f1d1",
                "sha256:ba24549de7b89b6381b91fbc068d798192b1b5201987070319889e93038967a8",
                "sha256:bce23c7377b43602baa0bd22ea3265c49b9ff0b76eb315d6c34721af4cdf1d9b",
                "sha256:c99f27732c0b7dc847adb21c9d47ce57eb48fa33a17bc6d7d5c5e9f9e7ae5bac",
                "sha256:cb9f255c18052343c70234907e2e532bc7e55a62565d64536dbc7706a20b78b9",
                "sha256:d4b19b03fdf54f3c5b2fa474c56b4c13c9dbfb9a2db4370ede7ec11a2c5927d9",
                "sha256:d64169ec3b8461311f8ce2fd2eb5d33e2d0f2c7b49116259c51d0d96edee48d1",
                "sha256:dbec574648b3e25f43d23577309b16534431db4ddc09fda50841f1e34e64ed34",
                "sha256:e0fe0f5feaafcb04505bcf439e991c6d8f1bf8b15f12b05feeed96e9e7bf1427",
                "sha256:f2a0ecc86378f45347f586e4163d1769dd81c5a223d577fe351f26b179e148b1",
                "sha256:f995e511de847791c3b11ed90084a7a0aafdc074ab88c5a9711622fe4751138c",
                "sha256:fad79bfe3b65fe6a1efaed97b445c3d37f7be9fdc348bdb2d7cac75579607c89"
            ],
            "index": "pypi",
            "markers": "python_version >= '3.8'",
            "version": "==1.14.1"
        },
        "mypy-extensions": {
            "hashes": [
                "sha256:4392f6c0eb8a5668a69e23d168ffa70f0be9ccfd32b5cc2d26a34ae5b844552d",
                "sha256:75dbf8955dc00442a438fc4d0666508a9a97b6bd41aa2f0ffe9d2f2725af0782"
            ],
            "markers": "python_version >= '3.5'",
            "version": "==1.0.0"
        },
        "packaging": {
            "hashes": [
                "sha256:09abb1bccd265c01f4a3aa3f7a7db064b36514d2cba19a2f694fe6150451a759",
                "sha256:c228a6dc5e932d346bc5739379109d49e8853dd8223571c7c5b55260edc0b97f"
            ],
            "markers": "python_version >= '3.8'",
            "version": "==24.2"
        },
        "pathspec": {
            "hashes": [
                "sha256:a0d503e138a4c123b27490a4f7beda6a01c6f288df0e4a8b79c7eb0dc7b4cc08",
                "sha256:a482d51503a1ab33b1c67a6c3813a26953dbdc71c31dacaef9a838c4e29f5712"
            ],
            "markers": "python_version >= '3.8'",
            "version": "==0.12.1"
        },
        "platformdirs": {
            "hashes": [
                "sha256:357fb2acbc885b0419afd3ce3ed34564c13c9b95c89360cd9563f73aa5e2b907",
                "sha256:73e575e1408ab8103900836b97580d5307456908a03e92031bab39e4554cc3fb"
            ],
            "markers": "python_version >= '3.8'",
            "version": "==4.3.6"
        },
        "pluggy": {
            "hashes": [
                "sha256:2cffa88e94fdc978c4c574f15f9e59b7f4201d439195c3715ca9e2486f1d0cf1",
                "sha256:44e1ad92c8ca002de6377e165f3e0f1be63266ab4d554740532335b9d75ea669"
            ],
            "markers": "python_version >= '3.8'",
            "version": "==1.5.0"
        },
        "pyproject-api": {
            "hashes": [
                "sha256:326df9d68dea22d9d98b5243c46e3ca3161b07a1b9b18e213d1e24fd0e605766",
                "sha256:7e8a9854b2dfb49454fae421cb86af43efbb2b2454e5646ffb7623540321ae6e"
            ],
            "markers": "python_version >= '3.9'",
            "version": "==1.9.0"
        },
        "pytest": {
            "hashes": [
                "sha256:50e16d954148559c9a74109af1eaf0c945ba2d8f30f0a3d3335edde19788b6f6",
                "sha256:965370d062bce11e73868e0335abac31b4d3de0e82f4007408d242b4f8610761"
            ],
            "index": "pypi",
            "markers": "python_version >= '3.8'",
            "version": "==8.3.4"
        },
        "pytest-cov": {
            "hashes": [
                "sha256:eee6f1b9e61008bd34975a4d5bab25801eb31898b032dd55addc93e96fcaaa35",
                "sha256:fde0b595ca248bb8e2d76f020b465f3b107c9632e6a1d1705f17834c89dcadc0"
            ],
            "index": "pypi",
            "markers": "python_version >= '3.9'",
            "version": "==6.0.0"
        },
        "ruff": {
            "hashes": [
                "sha256:05bebf4cdbe3ef75430d26c375773978950bbf4ee3c95ccb5448940dc092408e",
                "sha256:1d4c8772670aecf037d1bf7a07c39106574d143b26cfe5ed1787d2f31e800214",
                "sha256:37c892540108314a6f01f105040b5106aeb829fa5fb0561d2dcaf71485021137",
                "sha256:433dedf6ddfdec7f1ac7575ec1eb9844fa60c4c8c2f8887a070672b8d353d34c",
                "sha256:54499fb08408e32b57360f6f9de7157a5fec24ad79cb3f42ef2c3f3f728dfe2b",
                "sha256:56acd6c694da3695a7461cc55775f3a409c3815ac467279dfa126061d84b314b",
                "sha256:585792f1e81509e38ac5123492f8875fbc36f3ede8185af0a26df348e5154f41",
                "sha256:64e73d25b954f71ff100bb70f39f1ee09e880728efb4250c632ceed4e4cdf706",
                "sha256:6907ee3529244bb0ed066683e075f09285b38dd5b4039370df6ff06041ca19e7",
                "sha256:6ce6743ed64d9afab4fafeaea70d3631b4d4b28b592db21a5c2d1f0ef52934bf",
                "sha256:87c90c32357c74f11deb7fbb065126d91771b207bf9bfaaee01277ca59b574ec",
                "sha256:a6c634fc6f5a0ceae1ab3e13c58183978185d131a29c425e4eaa9f40afe1e6d6",
                "sha256:bfc5f1d7afeda8d5d37660eeca6d389b142d7f2b5a1ab659d9214ebd0e025231",
                "sha256:d612dbd0f3a919a8cc1d12037168bfa536862066808960e0cc901404b77968f0",
                "sha256:db1192ddda2200671f9ef61d9597fcef89d934f5d1705e571a93a67fb13a4402",
                "sha256:de9edf2ce4b9ddf43fd93e20ef635a900e25f622f87ed6e3047a664d0e8f810e",
                "sha256:e0c93e7d47ed951b9394cf352d6695b31498e68fd5782d6cbc282425655f687a",
                "sha256:faa935fc00ae854d8b638c16a5f1ce881bc3f67446957dd6f2af440a5fc8526b"
            ],
            "index": "pypi",
            "markers": "python_version >= '3.7'",
            "version": "==0.9.4"
        },
        "tox": {
            "hashes": [
                "sha256:083a720adbc6166fff0b7d1df9d154f9d00bfccb9403b8abf6bc0ee435d6a62e",
                "sha256:57ba7df7d199002c6df8c2db9e6484f3de6ca8f42013c083ea2d4d1e5c6bdc75"
            ],
            "index": "pypi",
            "markers": "python_version >= '3.8'",
            "version": "==4.24.1"
        },
        "typing-extensions": {
            "hashes": [
                "sha256:04e5ca0351e0f3f85c6853954072df659d0d13fac324d0072316b67d7794700d",
                "sha256:1a7ead55c7e559dd4dee8856e3a88b41225abfe1ce8df57b7c13915fe121ffb8"
            ],
            "markers": "python_version >= '3.8'",
            "version": "==4.12.2"
        },
        "virtualenv": {
            "hashes": [
                "sha256:4e4cb403c0b0da39e13b46b1b2476e505cb0046b25f242bee80f62bf990b2779",
                "sha256:b8b8970138d32fb606192cb97f6cd4bb644fa486be9308fb9b63f81091b5dc35"
            ],
            "markers": "python_version >= '3.8'",
            "version": "==20.29.1"
        }
    }
}
